
Microsoft Visual Studio Solution File, Format Version 12.00
# Visual Studio Version 17
VisualStudioVersion = 17.2.32602.215
MinimumVisualStudioVersion = 10.0.40219.1
Project("{FAE04EC0-301F-11D3-BF4B-00C04F79EFBC}") = "线性表", "线性表\线性表.csproj", "{E88900CA-0230-405A-9890-FB4C760E0128}"
EndProject
Global
	GlobalSection(SolutionConfigurationPlatforms) = preSolution
		Debug|Any CPU = Debug|Any CPU
		Release|Any CPU = Release|Any CPU
	EndGlobalSection
	GlobalSection(ProjectConfigurationPlatforms) = postSolution
		{E88900CA-0230-405A-9890-FB4C760E0128}.Debug|Any CPU.ActiveCfg = Debug|Any CPU
		{E88900CA-0230-405A-9890-FB4C760E0128}.Debug|Any CPU.Build.0 = Debug|Any CPU
		{E88900CA-0230-405A-9890-FB4C760E0128}.Release|Any CPU.ActiveCfg = Release|Any CPU
		{E88900CA-0230-405A-9890-FB4C760E0128}.Release|Any CPU.Build.0 = Release|Any CPU
	EndGlobalSection
	GlobalSection(SolutionProperties) = preSolution
		HideSolutionNode = FALSE
	EndGlobalSection
	GlobalSection(ExtensibilityGlobals) = postSolution
		SolutionGuid = {931D73C8-E815-476F-99FD-FC8C75E96EC6}
	EndGlobalSection
EndGlobal
